
Microsoft Visual Studio Solution File, Format Version 12.00
# Visual Studio Version 17
VisualStudioVersion = 17.9.34607.119
MinimumVisualStudioVersion = 10.0.40219.1
Project("{FAE04EC0-301F-11D3-BF4B-00C04F79EFBC}") = "BeerCanSite", "BeerCanSite\BeerCanSite.csproj", "{EDA08CCB-7759-419A-9837-3A4DB8FA7D3C}"
EndProject
Global
	GlobalSection(SolutionConfigurationPlatforms) = preSolution
		Debug|Any CPU = Debug|Any CPU
		Release|Any CPU = Release|Any CPU
	EndGlobalSection
	GlobalSection(ProjectConfigurationPlatforms) = postSolution
		{EDA08CCB-7759-419A-9837-3A4DB8FA7D3C}.Debug|Any CPU.ActiveCfg = Debug|Any CPU
		{EDA08CCB-7759-419A-9837-3A4DB8FA7D3C}.Debug|Any CPU.Build.0 = Debug|Any CPU
		{EDA08CCB-7759-419A-9837-3A4DB8FA7D3C}.Release|Any CPU.ActiveCfg = Release|Any CPU
		{EDA08CCB-7759-419A-9837-3A4DB8FA7D3C}.Release|Any CPU.Build.0 = Release|Any CPU
	EndGlobalSection
	GlobalSection(SolutionProperties) = preSolution
		HideSolutionNode = FALSE
	EndGlobalSection
	GlobalSection(ExtensibilityGlobals) = postSolution
		SolutionGuid = {4B10E566-147A-4A07-A997-E97E5FD55B5C}
	EndGlobalSection
EndGlobal
